PODS:
  - Expecta (0.3.1)
  - FBSnapshotTestCase (1.4)
  - PajdegCore (0.1.0)
  - PajdegPDF (0.2.2):
    - PajdegCore (~> 0.1.0)
  - Specta (0.2.1)

DEPENDENCIES:
  - Expecta
  - FBSnapshotTestCase
  - PajdegCore (from `../../PajdegCore`)
  - PajdegPDF (from `../`)
  - Specta

EXTERNAL SOURCES:
  PajdegCore:
    :path: ../../PajdegCore
  PajdegPDF:
    :path: ../

SPEC CHECKSUMS:
  Expecta: 03aabd0a89d8dea843baecb19a7fd7466a69a31d
  FBSnapshotTestCase: f9f225b5ba11c8d8c09075590490df16314e4d62
  PajdegCore: 05f0076e24e19682d70b63b7a069f5b2b3583c39
  PajdegPDF: 347a99873509644076d55f89ece70276c5a4297a
  Specta: 9141310f46b1f68b676650ff2854e1ed0b74163a

COCOAPODS: 0.34.4
